
Microsoft Visual Studio Solution File, Format Version 12.00
# Visual Studio Version 17
VisualStudioVersion = 17.8.34322.80
MinimumVisualStudioVersion = 10.0.40219.1
Project("{9A19103F-16F7-4668-BE54-9A1E7A4F7556}") = "AdventOfCode2023", "AdventOfCode2023\AdventOfCode2023.csproj", "{A3D3D268-F498-458D-880E-DDE63EC95977}"
EndProject
Global
	GlobalSection(SolutionConfigurationPlatforms) = preSolution
		Debug|Any CPU = Debug|Any CPU
		Release|Any CPU = Release|Any CPU
	EndGlobalSection
	GlobalSection(ProjectConfigurationPlatforms) = postSolution
		{A3D3D268-F498-458D-880E-DDE63EC95977}.Debug|Any CPU.ActiveCfg = Debug|Any CPU
		{A3D3D268-F498-458D-880E-DDE63EC95977}.Debug|Any CPU.Build.0 = Debug|Any CPU
		{A3D3D268-F498-458D-880E-DDE63EC95977}.Release|Any CPU.ActiveCfg = Release|Any CPU
		{A3D3D268-F498-458D-880E-DDE63EC95977}.Release|Any CPU.Build.0 = Release|Any CPU
	EndGlobalSection
	GlobalSection(SolutionProperties) = preSolution
		HideSolutionNode = FALSE
	EndGlobalSection
	GlobalSection(ExtensibilityGlobals) = postSolution
		SolutionGuid = {BDA421E7-5630-401D-ABD4-9AD3BFE0DC27}
	EndGlobalSection
EndGlobal
